
Microsoft Visual Studio Solution File, Format Version 12.00
# Visual Studio 15
VisualStudioVersion = 15.0.26430.13
MinimumVisualStudioVersion = 10.0.40219.1
Project("{FAE04EC0-301F-11D3-BF4B-00C04F79EFBC}") = "Hand-testing-class-calculator", "Hand-testing-class-calculator\Hand-testing-class-calculator.csproj", "{735D4729-0BDD-4FC3-8C46-4A2E9D644847}"
EndProject
Project("{FAE04EC0-301F-11D3-BF4B-00C04F79EFBC}") = "Calculator.Test.Unit", "Calculator.Test.Unit\Calculator.Test.Unit.csproj", "{35D2394F-30E4-4C21-8CEF-7E526035D457}"
EndProject
Global
	GlobalSection(SolutionConfigurationPlatforms) = preSolution
		Debug|Any CPU = Debug|Any CPU
		Release|Any CPU = Release|Any CPU
	EndGlobalSection
	GlobalSection(ProjectConfigurationPlatforms) = postSolution
		{735D4729-0BDD-4FC3-8C46-4A2E9D644847}.Debug|Any CPU.ActiveCfg = Debug|Any CPU
		{735D4729-0BDD-4FC3-8C46-4A2E9D644847}.Debug|Any CPU.Build.0 = Debug|Any CPU
		{735D4729-0BDD-4FC3-8C46-4A2E9D644847}.Release|Any CPU.ActiveCfg = Release|Any CPU
		{735D4729-0BDD-4FC3-8C46-4A2E9D644847}.Release|Any CPU.Build.0 = Release|Any CPU
		{35D2394F-30E4-4C21-8CEF-7E526035D457}.Debug|Any CPU.ActiveCfg = Debug|Any CPU
		{35D2394F-30E4-4C21-8CEF-7E526035D457}.Debug|Any CPU.Build.0 = Debug|Any CPU
		{35D2394F-30E4-4C21-8CEF-7E526035D457}.Release|Any CPU.ActiveCfg = Release|Any CPU
		{35D2394F-30E4-4C21-8CEF-7E526035D457}.Release|Any CPU.Build.0 = Release|Any CPU
	EndGlobalSection
	GlobalSection(SolutionProperties) = preSolution
		HideSolutionNode = FALSE
	EndGlobalSection
	GlobalSection(ExtensibilityGlobals) = postSolution
		SolutionGuid = {289D0979-4C2B-4CAA-A652-029436481F49}
	EndGlobalSection
EndGlobal
